
Microsoft Visual Studio Solution File, Format Version 12.00
# Visual Studio Version 17
VisualStudioVersion = 17.0.32112.339
MinimumVisualStudioVersion = 10.0.40219.1
Project("{FAE04EC0-301F-11D3-BF4B-00C04F79EFBC}") = "Rename_file", "Rename_file\Rename_file.csproj", "{B87B3AA8-3198-4D79-946B-D23C748D1BFC}"
EndProject
Global
	GlobalSection(SolutionConfigurationPlatforms) = preSolution
		Debug|Any CPU = Debug|Any CPU
		Release|Any CPU = Release|Any CPU
	EndGlobalSection
	GlobalSection(ProjectConfigurationPlatforms) = postSolution
		{B87B3AA8-3198-4D79-946B-D23C748D1BFC}.Debug|Any CPU.ActiveCfg = Debug|Any CPU
		{B87B3AA8-3198-4D79-946B-D23C748D1BFC}.Debug|Any CPU.Build.0 = Debug|Any CPU
		{B87B3AA8-3198-4D79-946B-D23C748D1BFC}.Release|Any CPU.ActiveCfg = Release|Any CPU
		{B87B3AA8-3198-4D79-946B-D23C748D1BFC}.Release|Any CPU.Build.0 = Release|Any CPU
	EndGlobalSection
	GlobalSection(SolutionProperties) = preSolution
		HideSolutionNode = FALSE
	EndGlobalSection
	GlobalSection(ExtensibilityGlobals) = postSolution
		SolutionGuid = {0E34EC2A-D691-4007-842A-007104C740E2}
	EndGlobalSection
EndGlobal
